
Microsoft Visual Studio Solution File, Format Version 12.00
# Visual Studio Version 17
VisualStudioVersion = 17.1.32210.238
MinimumVisualStudioVersion = 10.0.40219.1
Project("{888888A0-9F3D-457C-B088-3A5042F75D52}") = "PythonWarsawProject", "PythonWarsawProject\PythonWarsawProject.pyproj", "{690110DC-0BDC-46C3-AC9B-ACAFED1456C7}"
EndProject
Global
	GlobalSection(SolutionConfigurationPlatforms) = preSolution
		Debug|Any CPU = Debug|Any CPU
		Release|Any CPU = Release|Any CPU
	EndGlobalSection
	GlobalSection(ProjectConfigurationPlatforms) = postSolution
		{690110DC-0BDC-46C3-AC9B-ACAFED1456C7}.Debug|Any CPU.ActiveCfg = Debug|Any CPU
		{690110DC-0BDC-46C3-AC9B-ACAFED1456C7}.Release|Any CPU.ActiveCfg = Release|Any CPU
	EndGlobalSection
	GlobalSection(SolutionProperties) = preSolution
		HideSolutionNode = FALSE
	EndGlobalSection
	GlobalSection(ExtensibilityGlobals) = postSolution
		SolutionGuid = {08CCB284-E5DC-44EB-9A95-11923C86C688}
	EndGlobalSection
EndGlobal
